// !$*UTF8*$!
{
	archiveVersion = 1;
	classes = {
	};
	objectVersion = 46;
	objects = {

/* Begin PBXBuildFile section */
		DFFF42701A7FF566004A8824 /* AppDelegate.swift in Sources */ = {isa = PBXBuildFile; fileRef = DFFF426F1A7FF566004A8824 /* AppDelegate.swift */; };
		DFFF42741A7FF566004A8824 /* GameScene.swift in Sources */ = {isa = PBXBuildFile; fileRef = DFFF42731A7FF566004A8824 /* GameScene.swift */; };
		DFFF42761A7FF566004A8824 /* GameViewController.swift in Sources */ = {isa = PBXBuildFile; fileRef = DFFF42751A7FF566004A8824 /* GameViewController.swift */; };
		DFFF42791A7FF566004A8824 /* Main.storyboard in Resources */ = {isa = PBXBuildFile; fileRef = DFFF42771A7FF566004A8824 /* Main.storyboard */; };
		DFFF427B1A7FF566004A8824 /* Images.xcassets in Resources */ = {isa = PBXBuildFile; fileRef = DFFF427A1A7FF566004A8824 /* Images.xcassets */; };
		DFFF427E1A7FF566004A8824 /* LaunchScreen.xib in Resources */ = {isa = PBXBuildFile; fileRef = DFFF427C1A7FF566004A8824 /* LaunchScreen.xib */; };
		DFFF428A1A7FF566004A8824 /* DotsTests.swift in Sources */ = {isa = PBXBuildFile; fileRef = DFFF42891A7FF566004A8824 /* DotsTests.swift */; };
		DFFF42941A7FF6A8004A8824 /* Array2D.swift in Sources */ = {isa = PBXBuildFile; fileRef = DFFF42931A7FF6A8004A8824 /* Array2D.swift */; };
		DFFF42961A7FF73E004A8824 /* Dot.swift in Sources */ = {isa = PBXBuildFile; fileRef = DFFF42951A7FF73D004A8824 /* Dot.swift */; };
		DFFF42981A8041FA004A8824 /* Level.swift in Sources */ = {isa = PBXBuildFile; fileRef = DFFF42971A8041FA004A8824 /* Level.swift */; };
		DFFF429A1A8042A4004A8824 /* Set.swift in Sources */ = {isa = PBXBuildFile; fileRef = DFFF42991A8042A4004A8824 /* Set.swift */; };
		DFFF429C1A809209004A8824 /* Stack.swift in Sources */ = {isa = PBXBuildFile; fileRef = DFFF429B1A809209004A8824 /* Stack.swift */; };
		DFFF429E1A8241B7004A8824 /* Tiles.swift in Sources */ = {isa = PBXBuildFile; fileRef = DFFF429D1A8241B7004A8824 /* Tiles.swift */; };
		DFFF42A01A8308CD004A8824 /* QuartzCore.framework in Frameworks */ = {isa = PBXBuildFile; fileRef = DFFF429F1A8308CD004A8824 /* QuartzCore.framework */; };
/* End PBXBuildFile section */

/* Begin PBXContainerItemProxy section */
		DFFF42841A7FF566004A8824 /* PBXContainerItemProxy */ = {
			isa = PBXContainerItemProxy;
			containerPortal = DFFF42621A7FF566004A8824 /* Project object */;
			proxyType = 1;
			remoteGlobalIDString = DFFF42691A7FF566004A8824;
			remoteInfo = Dots;
		};
/* End PBXContainerItemProxy section */

/* Begin PBXFileReference section */
		DFFF426A1A7FF566004A8824 /* Dots.app */ = {isa = PBXFileReference; explicitFileType = wrapper.application; includeInIndex = 0; path = Dots.app; sourceTree = BUILT_PRODUCTS_DIR; };
		DFFF426E1A7FF566004A8824 /* Info.plist */ = {isa = PBXFileReference; lastKnownFileType = text.plist.xml; path = Info.plist; sourceTree = "<group>"; };
		DFFF426F1A7FF566004A8824 /* AppDelegate.swift */ = {isa = PBXFileReference; lastKnownFileType = sourcecode.swift; path = AppDelegate.swift; sourceTree = "<group>"; };
		DFFF42731A7FF566004A8824 /* GameScene.swift */ = {isa = PBXFileReference; lastKnownFileType = sourcecode.swift; path = GameScene.swift; sourceTree = "<group>"; };
		DFFF42751A7FF566004A8824 /* GameViewController.swift */ = {isa = PBXFileReference; lastKnownFileType = sourcecode.swift; path = GameViewController.swift; sourceTree = "<group>"; };
		DFFF42781A7FF566004A8824 /* Base */ = {isa = PBXFileReference; lastKnownFileType = file.storyboard; name = Base; path = Base.lproj/Main.storyboard; sourceTree = "<group>"; };
		DFFF427A1A7FF566004A8824 /* Images.xcassets */ = {isa = PBXFileReference; lastKnownFileType = folder.assetcatalog; path = Images.xcassets; sourceTree = "<group>"; };
		DFFF427D1A7FF566004A8824 /* Base */ = {isa = PBXFileReference; lastKnownFileType = file.xib; name = Base; path = Base.lproj/LaunchScreen.xib; sourceTree = "<group>"; };
		DFFF42831A7FF566004A8824 /* DotsTests.xctest */ = {isa = PBXFileReference; explicitFileType = wrapper.cfbundle; includeInIndex = 0; path = DotsTests.xctest; sourceTree = BUILT_PRODUCTS_DIR; };
		DFFF42881A7FF566004A8824 /* Info.plist */ = {isa = PBXFileReference; lastKnownFileType = text.plist.xml; path = Info.plist; sourceTree = "<group>"; };
		DFFF42891A7FF566004A8824 /* DotsTests.swift */ = {isa = PBXFileReference; lastKnownFileType = sourcecode.swift; path = DotsTests.swift; sourceTree = "<group>"; };
		DFFF42931A7FF6A8004A8824 /* Array2D.swift */ = {isa = PBXFileReference; fileEncoding = 4; lastKnownFileType = sourcecode.swift; name = Array2D.swift; path = ../Array2D.swift; sourceTree = "<group>"; };
		DFFF42951A7FF73D004A8824 /* Dot.swift */ = {isa = PBXFileReference; fileEncoding = 4; lastKnownFileType = sourcecode.swift; path = Dot.swift; sourceTree = "<group>"; };
		DFFF42971A8041FA004A8824 /* Level.swift */ = {isa = PBXFileReference; fileEncoding = 4; lastKnownFileType = sourcecode.swift; path = Level.swift; sourceTree = "<group>"; };
		DFFF42991A8042A4004A8824 /* Set.swift */ = {isa = PBXFileReference; fileEncoding = 4; lastKnownFileType = sourcecode.swift; path = Set.swift; sourceTree = "<group>"; };
		DFFF429B1A809209004A8824 /* Stack.swift */ = {isa = PBXFileReference; fileEncoding = 4; lastKnownFileType = sourcecode.swift; path = Stack.swift; sourceTree = "<group>"; };
		DFFF429D1A8241B7004A8824 /* Tiles.swift */ = {isa = PBXFileReference; fileEncoding = 4; lastKnownFileType = sourcecode.swift; path = Tiles.swift; sourceTree = "<group>"; };
		DFFF429F1A8308CD004A8824 /* QuartzCore.framework */ = {isa = PBXFileReference; lastKnownFileType = wrapper.framework; name = QuartzCore.framework; path = System/Library/Frameworks/QuartzCore.framework; sourceTree = SDKROOT; };
/* End PBXFileReference section */

/* Begin PBXFrameworksBuildPhase section */
		DFFF42671A7FF566004A8824 /* Frameworks */ = {
			isa = PBXFrameworksBuildPhase;
			buildActionMask = 2147483647;
			files = (
				DFFF42A01A8308CD004A8824 /* QuartzCore.framework in Frameworks */,
			);
			runOnlyForDeploymentPostprocessing = 0;
		};
		DFFF42801A7FF566004A8824 /* Frameworks */ = {
			isa = PBXFrameworksBuildPhase;
			buildActionMask = 2147483647;
			files = (
			);
			runOnlyForDeploymentPostprocessing = 0;
		};
/* End PBXFrameworksBuildPhase section */

/* Begin PBXGroup section */
		DFFF42611A7FF566004A8824 = {
			isa = PBXGroup;
			children = (
				DFFF429F1A8308CD004A8824 /* QuartzCore.framework */,
				DFFF426C1A7FF566004A8824 /* Dots */,
				DFFF42861A7FF566004A8824 /* DotsTests */,
				DFFF426B1A7FF566004A8824 /* Products */,
			);
			sourceTree = "<group>";
		};
		DFFF426B1A7FF566004A8824 /* Products */ = {
			isa = PBXGroup;
			children = (
				DFFF426A1A7FF566004A8824 /* Dots.app */,
				DFFF42831A7FF566004A8824 /* DotsTests.xctest */,
			);
			name = Products;
			sourceTree = "<group>";
		};
		DFFF426C1A7FF566004A8824 /* Dots */ = {
			isa = PBXGroup;
			children = (
				DFFF42931A7FF6A8004A8824 /* Array2D.swift */,
				DFFF426F1A7FF566004A8824 /* AppDelegate.swift */,
				DFFF42731A7FF566004A8824 /* GameScene.swift */,
				DFFF42971A8041FA004A8824 /* Level.swift */,
				DFFF429D1A8241B7004A8824 /* Tiles.swift */,
				DFFF42991A8042A4004A8824 /* Set.swift */,
				DFFF429B1A809209004A8824 /* Stack.swift */,
				DFFF42751A7FF566004A8824 /* GameViewController.swift */,
				DFFF42771A7FF566004A8824 /* Main.storyboard */,
				DFFF427A1A7FF566004A8824 /* Images.xcassets */,
				DFFF427C1A7FF566004A8824 /* LaunchScreen.xib */,
				DFFF426D1A7FF566004A8824 /* Supporting Files */,
				DFFF42951A7FF73D004A8824 /* Dot.swift */,
			);
			path = Dots;
			sourceTree = "<group>";
		};
		DFFF426D1A7FF566004A8824 /* Supporting Files */ = {
			isa = PBXGroup;
			children = (
				DFFF426E1A7FF566004A8824 /* Info.plist */,
			);
			name = "Supporting Files";
			sourceTree = "<group>";
		};
		DFFF42861A7FF566004A8824 /* DotsTests */ = {
			isa = PBXGroup;
			children = (
				DFFF42891A7FF566004A8824 /* DotsTests.swift */,
				DFFF42871A7FF566004A8824 /* Supporting Files */,
			);
			path = DotsTests;
			sourceTree = "<group>";
		};
		DFFF42871A7FF566004A8824 /* Supporting Files */ = {
			isa = PBXGroup;
			children = (
				DFFF42881A7FF566004A8824 /* Info.plist */,
			);
			name = "Supporting Files";
			sourceTree = "<group>";
		};
/* End PBXGroup section */

/* Begin PBXNativeTarget section */
		DFFF42691A7FF566004A8824 /* Dots */ = {
			isa = PBXNativeTarget;
			buildConfigurationList = DFFF428D1A7FF566004A8824 /* Build configuration list for PBXNativeTarget "Dots" */;
			buildPhases = (
				DFFF42661A7FF566004A8824 /* Sources */,
				DFFF42671A7FF566004A8824 /* Frameworks */,
				DFFF42681A7FF566004A8824 /* Resources */,
			);
			buildRules = (
			);
			dependencies = (
			);
			name = Dots;
			productName = Dots;
			productReference = DFFF426A1A7FF566004A8824 /* Dots.app */;
			productType = "com.apple.product-type.application";
		};
		DFFF42821A7FF566004A8824 /* DotsTests */ = {
			isa = PBXNativeTarget;
			buildConfigurationList = DFFF42901A7FF566004A8824 /* Build configuration list for PBXNativeTarget "DotsTests" */;
			buildPhases = (
				DFFF427F1A7FF566004A8824 /* Sources */,
				DFFF42801A7FF566004A8824 /* Frameworks */,
				DFFF42811A7FF566004A8824 /* Resources */,
			);
			buildRules = (
			);
			dependencies = (
				DFFF42851A7FF566004A8824 /* PBXTargetDependency */,
			);
			name = DotsTests;
			productName = DotsTests;
			productReference = DFFF42831A7FF566004A8824 /* DotsTests.xctest */;
			productType = "com.apple.product-type.bundle.unit-test";
		};
/* End PBXNativeTarget section */

/* Begin PBXProject section */
		DFFF42621A7FF566004A8824 /* Project object */ = {
			isa = PBXProject;
			attributes = {
				LastUpgradeCheck = 0610;
				ORGANIZATIONNAME = "Richard Hartmann";
				TargetAttributes = {
					DFFF42691A7FF566004A8824 = {
						CreatedOnToolsVersion = 6.1;
					};
					DFFF42821A7FF566004A8824 = {
						CreatedOnToolsVersion = 6.1;
						TestTargetID = DFFF42691A7FF566004A8824;
					};
				};
			};
			buildConfigurationList = DFFF42651A7FF566004A8824 /* Build configuration list for PBXProject "Dots" */;
			compatibilityVersion = "Xcode 3.2";
			developmentRegion = English;
			hasScannedForEncodings = 0;
			knownRegions = (
				en,
				Base,
			);
			mainGroup = DFFF42611A7FF566004A8824;
			productRefGroup = DFFF426B1A7FF566004A8824 /* Products */;
			projectDirPath = "";
			projectRoot = "";
			targets = (
				DFFF42691A7FF566004A8824 /* Dots */,
				DFFF42821A7FF566004A8824 /* DotsTests */,
			);
		};
/* End PBXProject section */

/* Begin PBXResourcesBuildPhase section */
		DFFF42681A7FF566004A8824 /* Resources */ = {
			isa = PBXResourcesBuildPhase;
			buildActionMask = 2147483647;
			files = (
				DFFF427E1A7FF566004A8824 /* LaunchScreen.xib in Resources */,
				DFFF427B1A7FF566004A8824 /* Images.xcassets in Resources */,
				DFFF42791A7FF566004A8824 /* Main.storyboard in Resources */,
			);
			runOnlyForDeploymentPostprocessing = 0;
		};
		DFFF42811A7FF566004A8824 /* Resources */ = {
			isa = PBXResourcesBuildPhase;
			buildActionMask = 2147483647;
			files = (
			);
			runOnlyForDeploymentPostprocessing = 0;
		};
/* End PBXResourcesBuildPhase section */

/* Begin PBXSourcesBuildPhase section */
		DFFF42661A7FF566004A8824 /* Sources */ = {
			isa = PBXSourcesBuildPhase;
			buildActionMask = 2147483647;
			files = (
				DFFF42981A8041FA004A8824 /* Level.swift in Sources */,
				DFFF42741A7FF566004A8824 /* GameScene.swift in Sources */,
				DFFF429E1A8241B7004A8824 /* Tiles.swift in Sources */,
				DFFF42941A7FF6A8004A8824 /* Array2D.swift in Sources */,
				DFFF429A1A8042A4004A8824 /* Set.swift in Sources */,
				DFFF429C1A809209004A8824 /* Stack.swift in Sources */,
				DFFF42761A7FF566004A8824 /* GameViewController.swift in Sources */,
				DFFF42961A7FF73E004A8824 /* Dot.swift in Sources */,
				DFFF42701A7FF566004A8824 /* AppDelegate.swift in Sources */,
			);
			runOnlyForDeploymentPostprocessing = 0;
		};
		DFFF427F1A7FF566004A8824 /* Sources */ = {
			isa = PBXSourcesBuildPhase;
			buildActionMask = 2147483647;
			files = (
				DFFF428A1A7FF566004A8824 /* DotsTests.swift in Sources */,
			);
			runOnlyForDeploymentPostprocessing = 0;
		};
/* End PBXSourcesBuildPhase section */

/* Begin PBXTargetDependency section */
		DFFF42851A7FF566004A8824 /* PBXTargetDependency */ = {
			isa = PBXTargetDependency;
			target = DFFF42691A7FF566004A8824 /* Dots */;
			targetProxy = DFFF42841A7FF566004A8824 /* PBXContainerItemProxy */;
		};
/* End PBXTargetDependency section */

/* Begin PBXVariantGroup section */
		DFFF42771A7FF566004A8824 /* Main.storyboard */ = {
			isa = PBXVariantGroup;
			children = (
				DFFF42781A7FF566004A8824 /* Base */,
			);
			name = Main.storyboard;
			sourceTree = "<group>";
		};
		DFFF427C1A7FF566004A8824 /* LaunchScreen.xib */ = {
			isa = PBXVariantGroup;
			children = (
				DFFF427D1A7FF566004A8824 /* Base */,
			);
			name = LaunchScreen.xib;
			sourceTree = "<group>";
		};
/* End PBXVariantGroup section */

/* Begin XCBuildConfiguration section */
		DFFF428B1A7FF566004A8824 /* Debug */ = {
			isa = XCBuildConfiguration;
			buildSettings = {
				ALWAYS_SEARCH_USER_PATHS = NO;
				CLANG_CXX_LANGUAGE_STANDARD = "gnu++0x";
				CLANG_CXX_LIBRARY = "libc++";
				CLANG_ENABLE_MODULES = YES;
				CLANG_ENABLE_OBJC_ARC = YES;
				CLANG_WARN_BOOL_CONVERSION = YES;
				CLANG_WARN_CONSTANT_CONVERSION = YES;
				CLANG_WARN_DIRECT_OBJC_ISA_USAGE = YES_ERROR;
				CLANG_WARN_EMPTY_BODY = YES;
				CLANG_WARN_ENUM_CONVERSION = YES;
				CLANG_WARN_INT_CONVERSION = YES;
				CLANG_WARN_OBJC_ROOT_CLASS = YES_ERROR;
				CLANG_WARN_UNREACHABLE_CODE = YES;
				CLANG_WARN__DUPLICATE_METHOD_MATCH = YES;
				"CODE_SIGN_IDENTITY[sdk=iphoneos*]" = "iPhone Developer";
				COPY_PHASE_STRIP = NO;
				ENABLE_STRICT_OBJC_MSGSEND = YES;
				GCC_C_LANGUAGE_STANDARD = gnu99;
				GCC_DYNAMIC_NO_PIC = NO;
				GCC_OPTIMIZATION_LEVEL = 0;
				GCC_PREPROCESSOR_DEFINITIONS = (
					"DEBUG=1",
					"$(inherited)",
				);
				GCC_SYMBOLS_PRIVATE_EXTERN = NO;
				GCC_WARN_64_TO_32_BIT_CONVERSION = YES;
				GCC_WARN_ABOUT_RETURN_TYPE = YES_ERROR;
				GCC_WARN_UNDECLARED_SELECTOR = YES;
				GCC_WARN_UNINITIALIZED_AUTOS = YES_AGGRESSIVE;
				GCC_WARN_UNUSED_FUNCTION = YES;
				GCC_WARN_UNUSED_VARIABLE = YES;
				IPHONEOS_DEPLOYMENT_TARGET = 8.1;
				MTL_ENABLE_DEBUG_INFO = YES;
				ONLY_ACTIVE_ARCH = YES;
				SDKROOT = iphoneos;
				SWIFT_OPTIMIZATION_LEVEL = "-Onone";
			};
			name = Debug;
		};
		DFFF428C1A7FF566004A8824 /* Release */ = {
			isa = XCBuildConfiguration;
			buildSettings = {
				ALWAYS_SEARCH_USER_PATHS = NO;
				CLANG_CXX_LANGUAGE_STANDARD = "gnu++0x";
				CLANG_CXX_LIBRARY = "libc++";
				CLANG_ENABLE_MODULES = YES;
				CLANG_ENABLE_OBJC_ARC = YES;
				CLANG_WARN_BOOL_CONVERSION = YES;
				CLANG_WARN_CONSTANT_CONVERSION = YES;
				CLANG_WARN_DIRECT_OBJC_ISA_USAGE = YES_ERROR;
				CLANG_WARN_EMPTY_BODY = YES;
				CLANG_WARN_ENUM_CONVERSION = YES;
				CLANG_WARN_INT_CONVERSION = YES;
				CLANG_WARN_OBJC_ROOT_CLASS = YES_ERROR;
				CLANG_WARN_UNREACHABLE_CODE = YES;
				CLANG_WARN__DUPLICATE_METHOD_MATCH = YES;
				"CODE_SIGN_IDENTITY[sdk=iphoneos*]" = "iPhone Developer";
				COPY_PHASE_STRIP = YES;
				ENABLE_NS_ASSERTIONS = NO;
				ENABLE_STRICT_OBJC_MSGSEND = YES;
				GCC_C_LANGUAGE_STANDARD = gnu99;
				GCC_WARN_64_TO_32_BIT_CONVERSION = YES;
				GCC_WARN_ABOUT_RETURN_TYPE = YES_ERROR;
				GCC_WARN_UNDECLARED_SELECTOR = YES;
				GCC_WARN_UNINITIALIZED_AUTOS = YES_AGGRESSIVE;
				GCC_WARN_UNUSED_FUNCTION = YES;
				GCC_WARN_UNUSED_VARIABLE = YES;
				IPHONEOS_DEPLOYMENT_TARGET = 8.1;
				MTL_ENABLE_DEBUG_INFO = NO;
				SDKROOT = iphoneos;
				VALIDATE_PRODUCT = YES;
			};
			name = Release;
		};
		DFFF428E1A7FF566004A8824 /* Debug */ = {
			isa = XCBuildConfiguration;
			buildSettings = {
				ASSETCATALOG_COMPILER_APPICON_NAME = AppIcon;
				INFOPLIST_FILE = Dots/Info.plist;
				LD_RUNPATH_SEARCH_PATHS = "$(inherited) @executable_path/Frameworks";
				PRODUCT_NAME = "$(TARGET_NAME)";
			};
			name = Debug;
		};
		DFFF428F1A7FF566004A8824 /* Release */ = {
			isa = XCBuildConfiguration;
			buildSettings = {
				ASSETCATALOG_COMPILER_APPICON_NAME = AppIcon;
				INFOPLIST_FILE = Dots/Info.plist;
				LD_RUNPATH_SEARCH_PATHS = "$(inherited) @executable_path/Frameworks";
				PRODUCT_NAME = "$(TARGET_NAME)";
			};
			name = Release;
		};
		DFFF42911A7FF566004A8824 /* Debug */ = {
			isa = XCBuildConfiguration;
			buildSettings = {
				BUNDLE_LOADER = "$(TEST_HOST)";
				FRAMEWORK_SEARCH_PATHS = (
					"$(SDKROOT)/Developer/Library/Frameworks",
					"$(inherited)",
				);
				GCC_PREPROCESSOR_DEFINITIONS = (
					"DEBUG=1",
					"$(inherited)",
				);
				INFOPLIST_FILE = DotsTests/Info.plist;
				LD_RUNPATH_SEARCH_PATHS = "$(inherited) @executable_path/Frameworks @loader_path/Frameworks";
				PRODUCT_NAME = "$(TARGET_NAME)";
				TEST_HOST = "$(BUILT_PRODUCTS_DIR)/Dots.app/Dots";
			};
			name = Debug;
		};
		DFFF42921A7FF566004A8824 /* Release */ = {
			isa = XCBuildConfiguration;
			buildSettings = {
				BUNDLE_LOADER = "$(TEST_HOST)";
				FRAMEWORK_SEARCH_PATHS = (
					"$(SDKROOT)/Developer/Library/Frameworks",
					"$(inherited)",
				);
				INFOPLIST_FILE = DotsTests/Info.plist;
				LD_RUNPATH_SEARCH_PATHS = "$(inherited) @executable_path/Frameworks @loader_path/Frameworks";
				PRODUCT_NAME = "$(TARGET_NAME)";
				TEST_HOST = "$(BUILT_PRODUCTS_DIR)/Dots.app/Dots";
			};
			name = Release;
		};
/* End XCBuildConfiguration section */

/* Begin XCConfigurationList section */
		DFFF42651A7FF566004A8824 /* Build configuration list for PBXProject "Dots" */ = {
			isa = XCConfigurationList;
			buildConfigurations = (
				DFFF428B1A7FF566004A8824 /* Debug */,
				DFFF428C1A7FF566004A8824 /* Release */,
			);
			defaultConfigurationIsVisible = 0;
			defaultConfigurationName = Release;
		};
		DFFF428D1A7FF566004A8824 /* Build configuration list for PBXNativeTarget "Dots" */ = {
			isa = XCConfigurationList;
			buildConfigurations = (
				DFFF428E1A7FF566004A8824 /* Debug */,
				DFFF428F1A7FF566004A8824 /* Release */,
			);
			defaultConfigurationIsVisible = 0;
		};
		DFFF42901A7FF566004A8824 /* Build configuration list for PBXNativeTarget "DotsTests" */ = {
			isa = XCConfigurationList;
			buildConfigurations = (
				DFFF42911A7FF566004A8824 /* Debug */,
				DFFF42921A7FF566004A8824 /* Release */,
			);
			defaultConfigurationIsVisible = 0;
		};
/* End XCConfigurationList section */
	};
	rootObject = DFFF42621A7FF566004A8824 /* Project object */;
}
